
Microsoft Visual Studio Solution File, Format Version 12.00
# Visual Studio Version 17
VisualStudioVersion = 17.0.31903.59
MinimumVisualStudioVersion = 10.0.40219.1
Project("{2150E333-8FDC-42A3-9474-1A3956D46DE8}") = "src", "src", "{827E0CD3-B72D-47B6-A68D-7590B98EB39B}"
EndProject
Project("{FAE04EC0-301F-11D3-BF4B-00C04F79EFBC}") = "PenguinPlank.Api", "src\PenguinPlank.Api\PenguinPlank.Api.csproj", "{842E3945-26FE-4899-BF5F-0C720DF87981}"
EndProject
Project("{FAE04EC0-301F-11D3-BF4B-00C04F79EFBC}") = "PenguinPlank.Application", "src\PenguinPlank.Application\PenguinPlank.Application.csproj", "{2DC1FC47-C870-4E78-9293-DC224A6CE902}"
EndProject
Project("{FAE04EC0-301F-11D3-BF4B-00C04F79EFBC}") = "PenguinPlank.Contracts", "src\PenguinPlank.Contracts\PenguinPlank.Contracts.csproj", "{2F08F6C8-BA19-480A-A1CA-2E828BE151DE}"
EndProject
Project("{FAE04EC0-301F-11D3-BF4B-00C04F79EFBC}") = "PenguinPlank.Domain", "src\PenguinPlank.Domain\PenguinPlank.Domain.csproj", "{3BD67AFB-7BB0-4802-ABB8-B55BA248F888}"
EndProject
Project("{FAE04EC0-301F-11D3-BF4B-00C04F79EFBC}") = "PenguinPlank.Infrastructure", "src\PenguinPlank.Infrastructure\PenguinPlank.Infrastructure.csproj", "{11445EF0-6144-46A6-A690-2EC7FB2BB7CE}"
EndProject
Project("{FAE04EC0-301F-11D3-BF4B-00C04F79EFBC}") = "PenguinPlank.Web", "src\PenguinPlank.Web\PenguinPlank.Web.csproj", "{625D19BA-EB13-4F0B-9C57-5DC910E04C4B}"
EndProject
Project("{2150E333-8FDC-42A3-9474-1A3956D46DE8}") = "tests", "tests", "{0AB3BF05-4346-4AA6-1389-037BE0695223}"
EndProject
Project("{FAE04EC0-301F-11D3-BF4B-00C04F79EFBC}") = "BrowserTests", "tests\BrowserTests\BrowserTests.csproj", "{4CE5C3F9-B1E8-49A1-8732-FD6858D068D6}"
EndProject
Project("{FAE04EC0-301F-11D3-BF4B-00C04F79EFBC}") = "IntegrationTests", "tests\IntegrationTests\IntegrationTests.csproj", "{842B19E4-D4A0-48E4-806F-6459E63996C7}"
EndProject
Project("{FAE04EC0-301F-11D3-BF4B-00C04F79EFBC}") = "UnitTests", "tests\UnitTests\UnitTests.csproj", "{FA07A430-610A-4579-865A-F602A42934F9}"
EndProject
Global
	GlobalSection(SolutionConfigurationPlatforms) = preSolution
		Debug|Any CPU = Debug|Any CPU
		Debug|x64 = Debug|x64
		Debug|x86 = Debug|x86
		Release|Any CPU = Release|Any CPU
		Release|x64 = Release|x64
		Release|x86 = Release|x86
	EndGlobalSection
	GlobalSection(ProjectConfigurationPlatforms) = postSolution
		{842E3945-26FE-4899-BF5F-0C720DF87981}.Debug|Any CPU.ActiveCfg = Debug|Any CPU
		{842E3945-26FE-4899-BF5F-0C720DF87981}.Debug|Any CPU.Build.0 = Debug|Any CPU
		{842E3945-26FE-4899-BF5F-0C720DF87981}.Debug|x64.ActiveCfg = Debug|Any CPU
		{842E3945-26FE-4899-BF5F-0C720DF87981}.Debug|x64.Build.0 = Debug|Any CPU
		{842E3945-26FE-4899-BF5F-0C720DF87981}.Debug|x86.ActiveCfg = Debug|Any CPU
		{842E3945-26FE-4899-BF5F-0C720DF87981}.Debug|x86.Build.0 = Debug|Any CPU
		{842E3945-26FE-4899-BF5F-0C720DF87981}.Release|Any CPU.ActiveCfg = Release|Any CPU
		{842E3945-26FE-4899-BF5F-0C720DF87981}.Release|Any CPU.Build.0 = Release|Any CPU
		{842E3945-26FE-4899-BF5F-0C720DF87981}.Release|x64.ActiveCfg = Release|Any CPU
		{842E3945-26FE-4899-BF5F-0C720DF87981}.Release|x64.Build.0 = Release|Any CPU
		{842E3945-26FE-4899-BF5F-0C720DF87981}.Release|x86.ActiveCfg = Release|Any CPU
		{842E3945-26FE-4899-BF5F-0C720DF87981}.Release|x86.Build.0 = Release|Any CPU
		{2DC1FC47-C870-4E78-9293-DC224A6CE902}.Debug|Any CPU.ActiveCfg = Debug|Any CPU
		{2DC1FC47-C870-4E78-9293-DC224A6CE902}.Debug|Any CPU.Build.0 = Debug|Any CPU
		{2DC1FC47-C870-4E78-9293-DC224A6CE902}.Debug|x64.ActiveCfg = Debug|Any CPU
		{2DC1FC47-C870-4E78-9293-DC224A6CE902}.Debug|x64.Build.0 = Debug|Any CPU
		{2DC1FC47-C870-4E78-9293-DC224A6CE902}.Debug|x86.ActiveCfg = Debug|Any CPU
		{2DC1FC47-C870-4E78-9293-DC224A6CE902}.Debug|x86.Build.0 = Debug|Any CPU
		{2DC1FC47-C870-4E78-9293-DC224A6CE902}.Release|Any CPU.ActiveCfg = Release|Any CPU
		{2DC1FC47-C870-4E78-9293-DC224A6CE902}.Release|Any CPU.Build.0 = Release|Any CPU
		{2DC1FC47-C870-4E78-9293-DC224A6CE902}.Release|x64.ActiveCfg = Release|Any CPU
		{2DC1FC47-C870-4E78-9293-DC224A6CE902}.Release|x64.Build.0 = Release|Any CPU
		{2DC1FC47-C870-4E78-9293-DC224A6CE902}.Release|x86.ActiveCfg = Release|Any CPU
		{2DC1FC47-C870-4E78-9293-DC224A6CE902}.Release|x86.Build.0 = Release|Any CPU
		{2F08F6C8-BA19-480A-A1CA-2E828BE151DE}.Debug|Any CPU.ActiveCfg = Debug|Any CPU
		{2F08F6C8-BA19-480A-A1CA-2E828BE151DE}.Debug|Any CPU.Build.0 = Debug|Any CPU
		{2F08F6C8-BA19-480A-A1CA-2E828BE151DE}.Debug|x64.ActiveCfg = Debug|Any CPU
		{2F08F6C8-BA19-480A-A1CA-2E828BE151DE}.Debug|x64.Build.0 = Debug|Any CPU
		{2F08F6C8-BA19-480A-A1CA-2E828BE151DE}.Debug|x86.ActiveCfg = Debug|Any CPU
		{2F08F6C8-BA19-480A-A1CA-2E828BE151DE}.Debug|x86.Build.0 = Debug|Any CPU
		{2F08F6C8-BA19-480A-A1CA-2E828BE151DE}.Release|Any CPU.ActiveCfg = Release|Any CPU
		{2F08F6C8-BA19-480A-A1CA-2E828BE151DE}.Release|Any CPU.Build.0 = Release|Any CPU
		{2F08F6C8-BA19-480A-A1CA-2E828BE151DE}.Release|x64.ActiveCfg = Release|Any CPU
		{2F08F6C8-BA19-480A-A1CA-2E828BE151DE}.Release|x64.Build.0 = Release|Any CPU
		{2F08F6C8-BA19-480A-A1CA-2E828BE151DE}.Release|x86.ActiveCfg = Release|Any CPU
		{2F08F6C8-BA19-480A-A1CA-2E828BE151DE}.Release|x86.Build.0 = Release|Any CPU
		{3BD67AFB-7BB0-4802-ABB8-B55BA248F888}.Debug|Any CPU.ActiveCfg = Debug|Any CPU
		{3BD67AFB-7BB0-4802-ABB8-B55BA248F888}.Debug|Any CPU.Build.0 = Debug|Any CPU
		{3BD67AFB-7BB0-4802-ABB8-B55BA248F888}.Debug|x64.ActiveCfg = Debug|Any CPU
		{3BD67AFB-7BB0-4802-ABB8-B55BA248F888}.Debug|x64.Build.0 = Debug|Any CPU
		{3BD67AFB-7BB0-4802-ABB8-B55BA248F888}.Debug|x86.ActiveCfg = Debug|Any CPU
		{3BD67AFB-7BB0-4802-ABB8-B55BA248F888}.Debug|x86.Build.0 = Debug|Any CPU
		{3BD67AFB-7BB0-4802-ABB8-B55BA248F888}.Release|Any CPU.ActiveCfg = Release|Any CPU
		{3BD67AFB-7BB0-4802-ABB8-B55BA248F888}.Release|Any CPU.Build.0 = Release|Any CPU
		{3BD67AFB-7BB0-4802-ABB8-B55BA248F888}.Release|x64.ActiveCfg = Release|Any CPU
		{3BD67AFB-7BB0-4802-ABB8-B55BA248F888}.Release|x64.Build.0 = Release|Any CPU
		{3BD67AFB-7BB0-4802-ABB8-B55BA248F888}.Release|x86.ActiveCfg = Release|Any CPU
		{3BD67AFB-7BB0-4802-ABB8-B55BA248F888}.Release|x86.Build.0 = Release|Any CPU
		{11445EF0-6144-46A6-A690-2EC7FB2BB7CE}.Debug|Any CPU.ActiveCfg = Debug|Any CPU
		{11445EF0-6144-46A6-A690-2EC7FB2BB7CE}.Debug|Any CPU.Build.0 = Debug|Any CPU
		{11445EF0-6144-46A6-A690-2EC7FB2BB7CE}.Debug|x64.ActiveCfg = Debug|Any CPU
		{11445EF0-6144-46A6-A690-2EC7FB2BB7CE}.Debug|x64.Build.0 = Debug|Any CPU
		{11445EF0-6144-46A6-A690-2EC7FB2BB7CE}.Debug|x86.ActiveCfg = Debug|Any CPU
		{11445EF0-6144-46A6-A690-2EC7FB2BB7CE}.Debug|x86.Build.0 = Debug|Any CPU
		{11445EF0-6144-46A6-A690-2EC7FB2BB7CE}.Release|Any CPU.ActiveCfg = Release|Any CPU
		{11445EF0-6144-46A6-A690-2EC7FB2BB7CE}.Release|Any CPU.Build.0 = Release|Any CPU
		{11445EF0-6144-46A6-A690-2EC7FB2BB7CE}.Release|x64.ActiveCfg = Release|Any CPU
		{11445EF0-6144-46A6-A690-2EC7FB2BB7CE}.Release|x64.Build.0 = Release|Any CPU
		{11445EF0-6144-46A6-A690-2EC7FB2BB7CE}.Release|x86.ActiveCfg = Release|Any CPU
		{11445EF0-6144-46A6-A690-2EC7FB2BB7CE}.Release|x86.Build.0 = Release|Any CPU
		{625D19BA-EB13-4F0B-9C57-5DC910E04C4B}.Debug|Any CPU.ActiveCfg = Debug|Any CPU
		{625D19BA-EB13-4F0B-9C57-5DC910E04C4B}.Debug|Any CPU.Build.0 = Debug|Any CPU
		{625D19BA-EB13-4F0B-9C57-5DC910E04C4B}.Debug|x64.ActiveCfg = Debug|Any CPU
		{625D19BA-EB13-4F0B-9C57-5DC910E04C4B}.Debug|x64.Build.0 = Debug|Any CPU
		{625D19BA-EB13-4F0B-9C57-5DC910E04C4B}.Debug|x86.ActiveCfg = Debug|Any CPU
		{625D19BA-EB13-4F0B-9C57-5DC910E04C4B}.Debug|x86.Build.0 = Debug|Any CPU
		{625D19BA-EB13-4F0B-9C57-5DC910E04C4B}.Release|Any CPU.ActiveCfg = Release|Any CPU
		{625D19BA-EB13-4F0B-9C57-5DC910E04C4B}.Release|Any CPU.Build.0 = Release|Any CPU
		{625D19BA-EB13-4F0B-9C57-5DC910E04C4B}.Release|x64.ActiveCfg = Release|Any CPU
		{625D19BA-EB13-4F0B-9C57-5DC910E04C4B}.Release|x64.Build.0 = Release|Any CPU
		{625D19BA-EB13-4F0B-9C57-5DC910E04C4B}.Release|x86.ActiveCfg = Release|Any CPU
		{625D19BA-EB13-4F0B-9C57-5DC910E04C4B}.Release|x86.Build.0 = Release|Any CPU
		{4CE5C3F9-B1E8-49A1-8732-FD6858D068D6}.Debug|Any CPU.ActiveCfg = Debug|Any CPU
		{4CE5C3F9-B1E8-49A1-8732-FD6858D068D6}.Debug|Any CPU.Build.0 = Debug|Any CPU
		{4CE5C3F9-B1E8-49A1-8732-FD6858D068D6}.Debug|x64.ActiveCfg = Debug|Any CPU
		{4CE5C3F9-B1E8-49A1-8732-FD6858D068D6}.Debug|x64.Build.0 = Debug|Any CPU
		{4CE5C3F9-B1E8-49A1-8732-FD6858D068D6}.Debug|x86.ActiveCfg = Debug|Any CPU
		{4CE5C3F9-B1E8-49A1-8732-FD6858D068D6}.Debug|x86.Build.0 = Debug|Any CPU
		{4CE5C3F9-B1E8-49A1-8732-FD6858D068D6}.Release|Any CPU.ActiveCfg = Release|Any CPU
		{4CE5C3F9-B1E8-49A1-8732-FD6858D068D6}.Release|Any CPU.Build.0 = Release|Any CPU
		{4CE5C3F9-B1E8-49A1-8732-FD6858D068D6}.Release|x64.ActiveCfg = Release|Any CPU
		{4CE5C3F9-B1E8-49A1-8732-FD6858D068D6}.Release|x64.Build.0 = Release|Any CPU
		{4CE5C3F9-B1E8-49A1-8732-FD6858D068D6}.Release|x86.ActiveCfg = Release|Any CPU
		{4CE5C3F9-B1E8-49A1-8732-FD6858D068D6}.Release|x86.Build.0 = Release|Any CPU
		{842B19E4-D4A0-48E4-806F-6459E63996C7}.Debug|Any CPU.ActiveCfg = Debug|Any CPU
		{842B19E4-D4A0-48E4-806F-6459E63996C7}.Debug|Any CPU.Build.0 = Debug|Any CPU
		{842B19E4-D4A0-48E4-806F-6459E63996C7}.Debug|x64.ActiveCfg = Debug|Any CPU
		{842B19E4-D4A0-48E4-806F-6459E63996C7}.Debug|x64.Build.0 = Debug|Any CPU
		{842B19E4-D4A0-48E4-806F-6459E63996C7}.Debug|x86.ActiveCfg = Debug|Any CPU
		{842B19E4-D4A0-48E4-806F-6459E63996C7}.Debug|x86.Build.0 = Debug|Any CPU
		{842B19E4-D4A0-48E4-806F-6459E63996C7}.Release|Any CPU.ActiveCfg = Release|Any CPU
		{842B19E4-D4A0-48E4-806F-6459E63996C7}.Release|Any CPU.Build.0 = Release|Any CPU
		{842B19E4-D4A0-48E4-806F-6459E63996C7}.Release|x64.ActiveCfg = Release|Any CPU
		{842B19E4-D4A0-48E4-806F-6459E63996C7}.Release|x64.Build.0 = Release|Any CPU
		{842B19E4-D4A0-48E4-806F-6459E63996C7}.Release|x86.ActiveCfg = Release|Any CPU
		{842B19E4-D4A0-48E4-806F-6459E63996C7}.Release|x86.Build.0 = Release|Any CPU
		{FA07A430-610A-4579-865A-F602A42934F9}.Debug|Any CPU.ActiveCfg = Debug|Any CPU
		{FA07A430-610A-4579-865A-F602A42934F9}.Debug|Any CPU.Build.0 = Debug|Any CPU
		{FA07A430-610A-4579-865A-F602A42934F9}.Debug|x64.ActiveCfg = Debug|Any CPU
		{FA07A430-610A-4579-865A-F602A42934F9}.Debug|x64.Build.0 = Debug|Any CPU
		{FA07A430-610A-4579-865A-F602A42934F9}.Debug|x86.ActiveCfg = Debug|Any CPU
		{FA07A430-610A-4579-865A-F602A42934F9}.Debug|x86.Build.0 = Debug|Any CPU
		{FA07A430-610A-4579-865A-F602A42934F9}.Release|Any CPU.ActiveCfg = Release|Any CPU
		{FA07A430-610A-4579-865A-F602A42934F9}.Release|Any CPU.Build.0 = Release|Any CPU
		{FA07A430-610A-4579-865A-F602A42934F9}.Release|x64.ActiveCfg = Release|Any CPU
		{FA07A430-610A-4579-865A-F602A42934F9}.Release|x64.Build.0 = Release|Any CPU
		{FA07A430-610A-4579-865A-F602A42934F9}.Release|x86.ActiveCfg = Release|Any CPU
		{FA07A430-610A-4579-865A-F602A42934F9}.Release|x86.Build.0 = Release|Any CPU
	EndGlobalSection
	GlobalSection(SolutionProperties) = preSolution
		HideSolutionNode = FALSE
	EndGlobalSection
	GlobalSection(NestedProjects) = preSolution
		{842E3945-26FE-4899-BF5F-0C720DF87981} = {827E0CD3-B72D-47B6-A68D-7590B98EB39B}
		{2DC1FC47-C870-4E78-9293-DC224A6CE902} = {827E0CD3-B72D-47B6-A68D-7590B98EB39B}
		{2F08F6C8-BA19-480A-A1CA-2E828BE151DE} = {827E0CD3-B72D-47B6-A68D-7590B98EB39B}
		{3BD67AFB-7BB0-4802-ABB8-B55BA248F888} = {827E0CD3-B72D-47B6-A68D-7590B98EB39B}
		{11445EF0-6144-46A6-A690-2EC7FB2BB7CE} = {827E0CD3-B72D-47B6-A68D-7590B98EB39B}
		{625D19BA-EB13-4F0B-9C57-5DC910E04C4B} = {827E0CD3-B72D-47B6-A68D-7590B98EB39B}
		{4CE5C3F9-B1E8-49A1-8732-FD6858D068D6} = {0AB3BF05-4346-4AA6-1389-037BE0695223}
		{842B19E4-D4A0-48E4-806F-6459E63996C7} = {0AB3BF05-4346-4AA6-1389-037BE0695223}
		{FA07A430-610A-4579-865A-F602A42934F9} = {0AB3BF05-4346-4AA6-1389-037BE0695223}
	EndGlobalSection
EndGlobal
